
Microsoft Visual Studio Solution File, Format Version 12.00
# Visual Studio Version 16
VisualStudioVersion = 16.0.29418.71
MinimumVisualStudioVersion = 10.0.40219.1
Project("{FAE04EC0-301F-11D3-BF4B-00C04F79EFBC}") = "TaskManager", "TaskMenager\TaskManager.csproj", "{BE21A90C-7033-4F2B-AF7B-3E2769017670}"
EndProject
Project("{00D1A9C2-B5F0-4AF3-8072-F6C62B433612}") = "TaskDB", "TaskDB\TaskDB.sqlproj", "{0868F45E-1F06-48BD-8781-3D13C9D35F55}"
EndProject
Project("{FAE04EC0-301F-11D3-BF4B-00C04F79EFBC}") = "DataLibrary", "DataLibrary\DataLibrary.csproj", "{B6BC485F-7605-4A26-BB93-FC2BC6F7500E}"
EndProject
Global
	GlobalSection(SolutionConfigurationPlatforms) = preSolution
		Debug|Any CPU = Debug|Any CPU
		Release|Any CPU = Release|Any CPU
	EndGlobalSection
	GlobalSection(ProjectConfigurationPlatforms) = postSolution
		{BE21A90C-7033-4F2B-AF7B-3E2769017670}.Debug|Any CPU.ActiveCfg = Debug|Any CPU
		{BE21A90C-7033-4F2B-AF7B-3E2769017670}.Debug|Any CPU.Build.0 = Debug|Any CPU
		{BE21A90C-7033-4F2B-AF7B-3E2769017670}.Release|Any CPU.ActiveCfg = Release|Any CPU
		{BE21A90C-7033-4F2B-AF7B-3E2769017670}.Release|Any CPU.Build.0 = Release|Any CPU
		{0868F45E-1F06-48BD-8781-3D13C9D35F55}.Debug|Any CPU.ActiveCfg = Debug|Any CPU
		{0868F45E-1F06-48BD-8781-3D13C9D35F55}.Debug|Any CPU.Build.0 = Debug|Any CPU
		{0868F45E-1F06-48BD-8781-3D13C9D35F55}.Debug|Any CPU.Deploy.0 = Debug|Any CPU
		{0868F45E-1F06-48BD-8781-3D13C9D35F55}.Release|Any CPU.ActiveCfg = Release|Any CPU
		{0868F45E-1F06-48BD-8781-3D13C9D35F55}.Release|Any CPU.Build.0 = Release|Any CPU
		{0868F45E-1F06-48BD-8781-3D13C9D35F55}.Release|Any CPU.Deploy.0 = Release|Any CPU
		{B6BC485F-7605-4A26-BB93-FC2BC6F7500E}.Debug|Any CPU.ActiveCfg = Debug|Any CPU
		{B6BC485F-7605-4A26-BB93-FC2BC6F7500E}.Debug|Any CPU.Build.0 = Debug|Any CPU
		{B6BC485F-7605-4A26-BB93-FC2BC6F7500E}.Release|Any CPU.ActiveCfg = Release|Any CPU
		{B6BC485F-7605-4A26-BB93-FC2BC6F7500E}.Release|Any CPU.Build.0 = Release|Any CPU
	EndGlobalSection
	GlobalSection(SolutionProperties) = preSolution
		HideSolutionNode = FALSE
	EndGlobalSection
	GlobalSection(ExtensibilityGlobals) = postSolution
		SolutionGuid = {A5B642C1-C02A-48FD-ABF3-97A6D5408ACE}
	EndGlobalSection
EndGlobal
